
Microsoft Visual Studio Solution File, Format Version 12.00
# Visual Studio Version 16
VisualStudioVersion = 16.0.30114.105
MinimumVisualStudioVersion = 10.0.40219.1
Project("{FAE04EC0-301F-11D3-BF4B-00C04F79EFBC}") = "LibSharp", "libsharp\LibSharp.csproj", "{FD07D2B6-0677-4FC4-834E-525E12209210}"
EndProject
Project("{FAE04EC0-301F-11D3-BF4B-00C04F79EFBC}") = "testing", "testing\testing.csproj", "{2EF8B3C5-729C-4E3C-B84A-328E40429BF0}"
EndProject
Global
	GlobalSection(SolutionConfigurationPlatforms) = preSolution
		Debug|Any CPU = Debug|Any CPU
		Release|Any CPU = Release|Any CPU
	EndGlobalSection
	GlobalSection(SolutionProperties) = preSolution
		HideSolutionNode = FALSE
	EndGlobalSection
	GlobalSection(ProjectConfigurationPlatforms) = postSolution
		{FD07D2B6-0677-4FC4-834E-525E12209210}.Debug|Any CPU.ActiveCfg = Debug|Any CPU
		{FD07D2B6-0677-4FC4-834E-525E12209210}.Debug|Any CPU.Build.0 = Debug|Any CPU
		{FD07D2B6-0677-4FC4-834E-525E12209210}.Release|Any CPU.ActiveCfg = Release|Any CPU
		{FD07D2B6-0677-4FC4-834E-525E12209210}.Release|Any CPU.Build.0 = Release|Any CPU
		{2EF8B3C5-729C-4E3C-B84A-328E40429BF0}.Debug|Any CPU.ActiveCfg = Debug|Any CPU
		{2EF8B3C5-729C-4E3C-B84A-328E40429BF0}.Debug|Any CPU.Build.0 = Debug|Any CPU
		{2EF8B3C5-729C-4E3C-B84A-328E40429BF0}.Release|Any CPU.ActiveCfg = Release|Any CPU
		{2EF8B3C5-729C-4E3C-B84A-328E40429BF0}.Release|Any CPU.Build.0 = Release|Any CPU
	EndGlobalSection
EndGlobal
